
Microsoft Visual Studio Solution File, Format Version 12.00
# Visual Studio Version 17
VisualStudioVersion = 17.8.34330.188
MinimumVisualStudioVersion = 10.0.40219.1
Project("{9A19103F-16F7-4668-BE54-9A1E7A4F7556}") = "GreenDataRobo", "GreenDataRobo\GreenDataRobo.csproj", "{BB2D3D4B-A34E-481F-BBDD-7CA0ED8D4AA8}"
EndProject
Project("{FAE04EC0-301F-11D3-BF4B-00C04F79EFBC}") = "UnitTestRobo", "UnitTestRobo\UnitTestRobo.csproj", "{0830A4F4-847D-4D99-B4D8-9ABEC32B161F}"
EndProject
Global
	GlobalSection(SolutionConfigurationPlatforms) = preSolution
		Debug|Any CPU = Debug|Any CPU
		Release|Any CPU = Release|Any CPU
	EndGlobalSection
	GlobalSection(ProjectConfigurationPlatforms) = postSolution
		{BB2D3D4B-A34E-481F-BBDD-7CA0ED8D4AA8}.Debug|Any CPU.ActiveCfg = Debug|Any CPU
		{BB2D3D4B-A34E-481F-BBDD-7CA0ED8D4AA8}.Debug|Any CPU.Build.0 = Debug|Any CPU
		{BB2D3D4B-A34E-481F-BBDD-7CA0ED8D4AA8}.Release|Any CPU.ActiveCfg = Release|Any CPU
		{BB2D3D4B-A34E-481F-BBDD-7CA0ED8D4AA8}.Release|Any CPU.Build.0 = Release|Any CPU
		{0830A4F4-847D-4D99-B4D8-9ABEC32B161F}.Debug|Any CPU.ActiveCfg = Debug|Any CPU
		{0830A4F4-847D-4D99-B4D8-9ABEC32B161F}.Debug|Any CPU.Build.0 = Debug|Any CPU
		{0830A4F4-847D-4D99-B4D8-9ABEC32B161F}.Release|Any CPU.ActiveCfg = Release|Any CPU
		{0830A4F4-847D-4D99-B4D8-9ABEC32B161F}.Release|Any CPU.Build.0 = Release|Any CPU
	EndGlobalSection
	GlobalSection(SolutionProperties) = preSolution
		HideSolutionNode = FALSE
	EndGlobalSection
	GlobalSection(ExtensibilityGlobals) = postSolution
		SolutionGuid = {B8DE239E-FA0F-4F6C-B87B-DDB8681D5C1B}
	EndGlobalSection
EndGlobal
